
Microsoft Visual Studio Solution File, Format Version 12.00
# Visual Studio Version 17
VisualStudioVersion = 17.1.32328.378
MinimumVisualStudioVersion = 10.0.40219.1
Project("{FAE04EC0-301F-11D3-BF4B-00C04F79EFBC}") = "UnitTest", "UnitTest\UnitTest.csproj", "{258DEA89-39FA-4488-8589-65DE6A22FBCF}"
EndProject
Project("{FAE04EC0-301F-11D3-BF4B-00C04F79EFBC}") = "UnitTest.Test", "UnitTest.Test\UnitTest.Test.csproj", "{81C661D5-FA2C-46DD-BC93-249A9261C62E}"
EndProject
Global
	GlobalSection(SolutionConfigurationPlatforms) = preSolution
		Debug|Any CPU = Debug|Any CPU
		Release|Any CPU = Release|Any CPU
	EndGlobalSection
	GlobalSection(ProjectConfigurationPlatforms) = postSolution
		{258DEA89-39FA-4488-8589-65DE6A22FBCF}.Debug|Any CPU.ActiveCfg = Debug|Any CPU
		{258DEA89-39FA-4488-8589-65DE6A22FBCF}.Debug|Any CPU.Build.0 = Debug|Any CPU
		{258DEA89-39FA-4488-8589-65DE6A22FBCF}.Release|Any CPU.ActiveCfg = Release|Any CPU
		{258DEA89-39FA-4488-8589-65DE6A22FBCF}.Release|Any CPU.Build.0 = Release|Any CPU
		{81C661D5-FA2C-46DD-BC93-249A9261C62E}.Debug|Any CPU.ActiveCfg = Debug|Any CPU
		{81C661D5-FA2C-46DD-BC93-249A9261C62E}.Debug|Any CPU.Build.0 = Debug|Any CPU
		{81C661D5-FA2C-46DD-BC93-249A9261C62E}.Release|Any CPU.ActiveCfg = Release|Any CPU
		{81C661D5-FA2C-46DD-BC93-249A9261C62E}.Release|Any CPU.Build.0 = Release|Any CPU
	EndGlobalSection
	GlobalSection(SolutionProperties) = preSolution
		HideSolutionNode = FALSE
	EndGlobalSection
	GlobalSection(ExtensibilityGlobals) = postSolution
		SolutionGuid = {B9784D5B-C296-4464-AD5B-2E678C285D8A}
	EndGlobalSection
EndGlobal
